// !$*UTF8*$!
{
	archiveVersion = 1;
	classes = {
	};
	objectVersion = 50;
	objects = {

/* Begin PBXBuildFile section */
		4D8DA5102293D65C00225910 /* AppDelegate.m in Sources */ = {isa = PBXBuildFile; fileRef = 4D8DA50F2293D65C00225910 /* AppDelegate.m */; };
		4D8DA5132293D65C00225910 /* ViewController.m in Sources */ = {isa = PBXBuildFile; fileRef = 4D8DA5122293D65C00225910 /* ViewController.m */; };
		4D8DA5162293D65C00225910 /* Main.storyboard in Resources */ = {isa = PBXBuildFile; fileRef = 4D8DA5142293D65C00225910 /* Main.storyboard */; };
		4D8DA5182293D65D00225910 /* Assets.xcassets in Resources */ = {isa = PBXBuildFile; fileRef = 4D8DA5172293D65D00225910 /* Assets.xcassets */; };
		4D8DA51B2293D65D00225910 /* LaunchScreen.storyboard in Resources */ = {isa = PBXBuildFile; fileRef = 4D8DA5192293D65D00225910 /* LaunchScreen.storyboard */; };
		4D8DA51E2293D65D00225910 /* main.m in Sources */ = {isa = PBXBuildFile; fileRef = 4D8DA51D2293D65D00225910 /* main.m */; };
		4D8DA5282293D65D00225910 /* ActUISegCtrlTests.m in Sources */ = {isa = PBXBuildFile; fileRef = 4D8DA5272293D65D00225910 /* ActUISegCtrlTests.m */; };
		4D8DA5332293D65D00225910 /* ActUISegCtrlUITests.m in Sources */ = {isa = PBXBuildFile; fileRef = 4D8DA5322293D65D00225910 /* ActUISegCtrlUITests.m */; };
/* End PBXBuildFile section */

/* Begin PBXContainerItemProxy section */
		4D8DA5242293D65D00225910 /* PBXContainerItemProxy */ = {
			isa = PBXContainerItemProxy;
			containerPortal = 4D8DA5032293D65C00225910 /* Project object */;
			proxyType = 1;
			remoteGlobalIDString = 4D8DA50A2293D65C00225910;
			remoteInfo = ActUISegCtrl;
		};
		4D8DA52F2293D65D00225910 /* PBXContainerItemProxy */ = {
			isa = PBXContainerItemProxy;
			containerPortal = 4D8DA5032293D65C00225910 /* Project object */;
			proxyType = 1;
			remoteGlobalIDString = 4D8DA50A2293D65C00225910;
			remoteInfo = ActUISegCtrl;
		};
/* End PBXContainerItemProxy section */

/* Begin PBXFileReference section */
		4D8DA50B2293D65C00225910 /* ActUISegCtrl.app */ = {isa = PBXFileReference; explicitFileType = wrapper.application; includeInIndex = 0; path = ActUISegCtrl.app; sourceTree = BUILT_PRODUCTS_DIR; };
		4D8DA50E2293D65C00225910 /* AppDelegate.h */ = {isa = PBXFileReference; lastKnownFileType = sourcecode.c.h; path = AppDelegate.h; sourceTree = "<group>"; };
		4D8DA50F2293D65C00225910 /* AppDelegate.m */ = {isa = PBXFileReference; lastKnownFileType = sourcecode.c.objc; path = AppDelegate.m; sourceTree = "<group>"; };
		4D8DA5112293D65C00225910 /* ViewController.h */ = {isa = PBXFileReference; lastKnownFileType = sourcecode.c.h; path = ViewController.h; sourceTree = "<group>"; };
		4D8DA5122293D65C00225910 /* ViewController.m */ = {isa = PBXFileReference; lastKnownFileType = sourcecode.c.objc; path = ViewController.m; sourceTree = "<group>"; };
		4D8DA5152293D65C00225910 /* Base */ = {isa = PBXFileReference; lastKnownFileType = file.storyboard; name = Base; path = Base.lproj/Main.storyboard; sourceTree = "<group>"; };
		4D8DA5172293D65D00225910 /* Assets.xcassets */ = {isa = PBXFileReference; lastKnownFileType = folder.assetcatalog; path = Assets.xcassets; sourceTree = "<group>"; };
		4D8DA51A2293D65D00225910 /* Base */ = {isa = PBXFileReference; lastKnownFileType = file.storyboard; name = Base; path = Base.lproj/LaunchScreen.storyboard; sourceTree = "<group>"; };
		4D8DA51C2293D65D00225910 /* Info.plist */ = {isa = PBXFileReference; lastKnownFileType = text.plist.xml; path = Info.plist; sourceTree = "<group>"; };
		4D8DA51D2293D65D00225910 /* main.m */ = {isa = PBXFileReference; lastKnownFileType = sourcecode.c.objc; path = main.m; sourceTree = "<group>"; };
		4D8DA5232293D65D00225910 /* ActUISegCtrlTests.xctest */ = {isa = PBXFileReference; explicitFileType = wrapper.cfbundle; includeInIndex = 0; path = ActUISegCtrlTests.xctest; sourceTree = BUILT_PRODUCTS_DIR; };
		4D8DA5272293D65D00225910 /* ActUISegCtrlTests.m */ = {isa = PBXFileReference; lastKnownFileType = sourcecode.c.objc; path = ActUISegCtrlTests.m; sourceTree = "<group>"; };
		4D8DA5292293D65D00225910 /* Info.plist */ = {isa = PBXFileReference; lastKnownFileType = text.plist.xml; path = Info.plist; sourceTree = "<group>"; };
		4D8DA52E2293D65D00225910 /* ActUISegCtrlUITests.xctest */ = {isa = PBXFileReference; explicitFileType = wrapper.cfbundle; includeInIndex = 0; path = ActUISegCtrlUITests.xctest; sourceTree = BUILT_PRODUCTS_DIR; };
		4D8DA5322293D65D00225910 /* ActUISegCtrlUITests.m */ = {isa = PBXFileReference; lastKnownFileType = sourcecode.c.objc; path = ActUISegCtrlUITests.m; sourceTree = "<group>"; };
		4D8DA5342293D65D00225910 /* Info.plist */ = {isa = PBXFileReference; lastKnownFileType = text.plist.xml; path = Info.plist; sourceTree = "<group>"; };
/* End PBXFileReference section */

/* Begin PBXFrameworksBuildPhase section */
		4D8DA5082293D65C00225910 /* Frameworks */ = {
			isa = PBXFrameworksBuildPhase;
			buildActionMask = 2147483647;
			files = (
			);
			runOnlyForDeploymentPostprocessing = 0;
		};
		4D8DA5202293D65D00225910 /* Frameworks */ = {
			isa = PBXFrameworksBuildPhase;
			buildActionMask = 2147483647;
			files = (
			);
			runOnlyForDeploymentPostprocessing = 0;
		};
		4D8DA52B2293D65D00225910 /* Frameworks */ = {
			isa = PBXFrameworksBuildPhase;
			buildActionMask = 2147483647;
			files = (
			);
			runOnlyForDeploymentPostprocessing = 0;
		};
/* End PBXFrameworksBuildPhase section */

/* Begin PBXGroup section */
		4D8DA5022293D65C00225910 = {
			isa = PBXGroup;
			children = (
				4D8DA50D2293D65C00225910 /* ActUISegCtrl */,
				4D8DA5262293D65D00225910 /* ActUISegCtrlTests */,
				4D8DA5312293D65D00225910 /* ActUISegCtrlUITests */,
				4D8DA50C2293D65C00225910 /* Products */,
			);
			sourceTree = "<group>";
		};
		4D8DA50C2293D65C00225910 /* Products */ = {
			isa = PBXGroup;
			children = (
				4D8DA50B2293D65C00225910 /* ActUISegCtrl.app */,
				4D8DA5232293D65D00225910 /* ActUISegCtrlTests.xctest */,
				4D8DA52E2293D65D00225910 /* ActUISegCtrlUITests.xctest */,
			);
			name = Products;
			sourceTree = "<group>";
		};
		4D8DA50D2293D65C00225910 /* ActUISegCtrl */ = {
			isa = PBXGroup;
			children = (
				4D8DA50E2293D65C00225910 /* AppDelegate.h */,
				4D8DA50F2293D65C00225910 /* AppDelegate.m */,
				4D8DA5112293D65C00225910 /* ViewController.h */,
				4D8DA5122293D65C00225910 /* ViewController.m */,
				4D8DA5142293D65C00225910 /* Main.storyboard */,
				4D8DA5172293D65D00225910 /* Assets.xcassets */,
				4D8DA5192293D65D00225910 /* LaunchScreen.storyboard */,
				4D8DA51C2293D65D00225910 /* Info.plist */,
				4D8DA51D2293D65D00225910 /* main.m */,
			);
			path = ActUISegCtrl;
			sourceTree = "<group>";
		};
		4D8DA5262293D65D00225910 /* ActUISegCtrlTests */ = {
			isa = PBXGroup;
			children = (
				4D8DA5272293D65D00225910 /* ActUISegCtrlTests.m */,
				4D8DA5292293D65D00225910 /* Info.plist */,
			);
			path = ActUISegCtrlTests;
			sourceTree = "<group>";
		};
		4D8DA5312293D65D00225910 /* ActUISegCtrlUITests */ = {
			isa = PBXGroup;
			children = (
				4D8DA5322293D65D00225910 /* ActUISegCtrlUITests.m */,
				4D8DA5342293D65D00225910 /* Info.plist */,
			);
			path = ActUISegCtrlUITests;
			sourceTree = "<group>";
		};
/* End PBXGroup section */

/* Begin PBXNativeTarget section */
		4D8DA50A2293D65C00225910 /* ActUISegCtrl */ = {
			isa = PBXNativeTarget;
			buildConfigurationList = 4D8DA5372293D65D00225910 /* Build configuration list for PBXNativeTarget "ActUISegCtrl" */;
			buildPhases = (
				4D8DA5072293D65C00225910 /* Sources */,
				4D8DA5082293D65C00225910 /* Frameworks */,
				4D8DA5092293D65C00225910 /* Resources */,
			);
			buildRules = (
			);
			dependencies = (
			);
			name = ActUISegCtrl;
			productName = ActUISegCtrl;
			productReference = 4D8DA50B2293D65C00225910 /* ActUISegCtrl.app */;
			productType = "com.apple.product-type.application";
		};
		4D8DA5222293D65D00225910 /* ActUISegCtrlTests */ = {
			isa = PBXNativeTarget;
			buildConfigurationList = 4D8DA53A2293D65D00225910 /* Build configuration list for PBXNativeTarget "ActUISegCtrlTests" */;
			buildPhases = (
				4D8DA51F2293D65D00225910 /* Sources */,
				4D8DA5202293D65D00225910 /* Frameworks */,
				4D8DA5212293D65D00225910 /* Resources */,
			);
			buildRules = (
			);
			dependencies = (
				4D8DA5252293D65D00225910 /* PBXTargetDependency */,
			);
			name = ActUISegCtrlTests;
			productName = ActUISegCtrlTests;
			productReference = 4D8DA5232293D65D00225910 /* ActUISegCtrlTests.xctest */;
			productType = "com.apple.product-type.bundle.unit-test";
		};
		4D8DA52D2293D65D00225910 /* ActUISegCtrlUITests */ = {
			isa = PBXNativeTarget;
			buildConfigurationList = 4D8DA53D2293D65D00225910 /* Build configuration list for PBXNativeTarget "ActUISegCtrlUITests" */;
			buildPhases = (
				4D8DA52A2293D65D00225910 /* Sources */,
				4D8DA52B2293D65D00225910 /* Frameworks */,
				4D8DA52C2293D65D00225910 /* Resources */,
			);
			buildRules = (
			);
			dependencies = (
				4D8DA5302293D65D00225910 /* PBXTargetDependency */,
			);
			name = ActUISegCtrlUITests;
			productName = ActUISegCtrlUITests;
			productReference = 4D8DA52E2293D65D00225910 /* ActUISegCtrlUITests.xctest */;
			productType = "com.apple.product-type.bundle.ui-testing";
		};
/* End PBXNativeTarget section */

/* Begin PBXProject section */
		4D8DA5032293D65C00225910 /* Project object */ = {
			isa = PBXProject;
			attributes = {
				LastUpgradeCheck = 1020;
				ORGANIZATIONNAME = zhangxuyang;
				TargetAttributes = {
					4D8DA50A2293D65C00225910 = {
						CreatedOnToolsVersion = 10.2.1;
					};
					4D8DA5222293D65D00225910 = {
						CreatedOnToolsVersion = 10.2.1;
						TestTargetID = 4D8DA50A2293D65C00225910;
					};
					4D8DA52D2293D65D00225910 = {
						CreatedOnToolsVersion = 10.2.1;
						TestTargetID = 4D8DA50A2293D65C00225910;
					};
				};
			};
			buildConfigurationList = 4D8DA5062293D65C00225910 /* Build configuration list for PBXProject "ActUISegCtrl" */;
			compatibilityVersion = "Xcode 9.3";
			developmentRegion = en;
			hasScannedForEncodings = 0;
			knownRegions = (
				en,
				Base,
			);
			mainGroup = 4D8DA5022293D65C00225910;
			productRefGroup = 4D8DA50C2293D65C00225910 /* Products */;
			projectDirPath = "";
			projectRoot = "";
			targets = (
				4D8DA50A2293D65C00225910 /* ActUISegCtrl */,
				4D8DA5222293D65D00225910 /* ActUISegCtrlTests */,
				4D8DA52D2293D65D00225910 /* ActUISegCtrlUITests */,
			);
		};
/* End PBXProject section */

/* Begin PBXResourcesBuildPhase section */
		4D8DA5092293D65C00225910 /* Resources */ = {
			isa = PBXResourcesBuildPhase;
			buildActionMask = 2147483647;
			files = (
				4D8DA51B2293D65D00225910 /* LaunchScreen.storyboard in Resources */,
				4D8DA5182293D65D00225910 /* Assets.xcassets in Resources */,
				4D8DA5162293D65C00225910 /* Main.storyboard in Resources */,
			);
			runOnlyForDeploymentPostprocessing = 0;
		};
		4D8DA5212293D65D00225910 /* Resources */ = {
			isa = PBXResourcesBuildPhase;
			buildActionMask = 2147483647;
			files = (
			);
			runOnlyForDeploymentPostprocessing = 0;
		};
		4D8DA52C2293D65D00225910 /* Resources */ = {
			isa = PBXResourcesBuildPhase;
			buildActionMask = 2147483647;
			files = (
			);
			runOnlyForDeploymentPostprocessing = 0;
		};
/* End PBXResourcesBuildPhase section */

/* Begin PBXSourcesBuildPhase section */
		4D8DA5072293D65C00225910 /* Sources */ = {
			isa = PBXSourcesBuildPhase;
			buildActionMask = 2147483647;
			files = (
				4D8DA5132293D65C00225910 /* ViewController.m in Sources */,
				4D8DA51E2293D65D00225910 /* main.m in Sources */,
				4D8DA5102293D65C00225910 /* AppDelegate.m in Sources */,
			);
			runOnlyForDeploymentPostprocessing = 0;
		};
		4D8DA51F2293D65D00225910 /* Sources */ = {
			isa = PBXSourcesBuildPhase;
			buildActionMask = 2147483647;
			files = (
				4D8DA5282293D65D00225910 /* ActUISegCtrlTests.m in Sources */,
			);
			runOnlyForDeploymentPostprocessing = 0;
		};
		4D8DA52A2293D65D00225910 /* Sources */ = {
			isa = PBXSourcesBuildPhase;
			buildActionMask = 2147483647;
			files = (
				4D8DA5332293D65D00225910 /* ActUISegCtrlUITests.m in Sources */,
			);
			runOnlyForDeploymentPostprocessing = 0;
		};
/* End PBXSourcesBuildPhase section */

/* Begin PBXTargetDependency section */
		4D8DA5252293D65D00225910 /* PBXTargetDependency */ = {
			isa = PBXTargetDependency;
			target = 4D8DA50A2293D65C00225910 /* ActUISegCtrl */;
			targetProxy = 4D8DA5242293D65D00225910 /* PBXContainerItemProxy */;
		};
		4D8DA5302293D65D00225910 /* PBXTargetDependency */ = {
			isa = PBXTargetDependency;
			target = 4D8DA50A2293D65C00225910 /* ActUISegCtrl */;
			targetProxy = 4D8DA52F2293D65D00225910 /* PBXContainerItemProxy */;
		};
/* End PBXTargetDependency section */

/* Begin PBXVariantGroup section */
		4D8DA5142293D65C00225910 /* Main.storyboard */ = {
			isa = PBXVariantGroup;
			children = (
				4D8DA5152293D65C00225910 /* Base */,
			);
			name = Main.storyboard;
			sourceTree = "<group>";
		};
		4D8DA5192293D65D00225910 /* LaunchScreen.storyboard */ = {
			isa = PBXVariantGroup;
			children = (
				4D8DA51A2293D65D00225910 /* Base */,
			);
			name = LaunchScreen.storyboard;
			sourceTree = "<group>";
		};
/* End PBXVariantGroup section */

/* Begin XCBuildConfiguration section */
		4D8DA5352293D65D00225910 /* Debug */ = {
			isa = XCBuildConfiguration;
			buildSettings = {
				ALWAYS_SEARCH_USER_PATHS = NO;
				CLANG_ANALYZER_NONNULL = YES;
				CLANG_ANALYZER_NUMBER_OBJECT_CONVERSION = YES_AGGRESSIVE;
				CLANG_CXX_LANGUAGE_STANDARD = "gnu++14";
				CLANG_CXX_LIBRARY = "libc++";
				CLANG_ENABLE_MODULES = YES;
				CLANG_ENABLE_OBJC_ARC = YES;
				CLANG_ENABLE_OBJC_WEAK = YES;
				CLANG_WARN_BLOCK_CAPTURE_AUTORELEASING = YES;
				CLANG_WARN_BOOL_CONVERSION = YES;
				CLANG_WARN_COMMA = YES;
				CLANG_WARN_CONSTANT_CONVERSION = YES;
				CLANG_WARN_DEPRECATED_OBJC_IMPLEMENTATIONS = YES;
				CLANG_WARN_DIRECT_OBJC_ISA_USAGE = YES_ERROR;
				CLANG_WARN_DOCUMENTATION_COMMENTS = YES;
				CLANG_WARN_EMPTY_BODY = YES;
				CLANG_WARN_ENUM_CONVERSION = YES;
				CLANG_WARN_INFINITE_RECURSION = YES;
				CLANG_WARN_INT_CONVERSION = YES;
				CLANG_WARN_NON_LITERAL_NULL_CONVERSION = YES;
				CLANG_WARN_OBJC_IMPLICIT_RETAIN_SELF = YES;
				CLANG_WARN_OBJC_LITERAL_CONVERSION = YES;
				CLANG_WARN_OBJC_ROOT_CLASS = YES_ERROR;
				CLANG_WARN_RANGE_LOOP_ANALYSIS = YES;
				CLANG_WARN_STRICT_PROTOTYPES = YES;
				CLANG_WARN_SUSPICIOUS_MOVE = YES;
				CLANG_WARN_UNGUARDED_AVAILABILITY = YES_AGGRESSIVE;
				CLANG_WARN_UNREACHABLE_CODE = YES;
				CLANG_WARN__DUPLICATE_METHOD_MATCH = YES;
				CODE_SIGN_IDENTITY = "iPhone Developer";
				COPY_PHASE_STRIP = NO;
				DEBUG_INFORMATION_FORMAT = dwarf;
				ENABLE_STRICT_OBJC_MSGSEND = YES;
				ENABLE_TESTABILITY = YES;
				GCC_C_LANGUAGE_STANDARD = gnu11;
				GCC_DYNAMIC_NO_PIC = NO;
				GCC_NO_COMMON_BLOCKS = YES;
				GCC_OPTIMIZATION_LEVEL = 0;
				GCC_PREPROCESSOR_DEFINITIONS = (
					"DEBUG=1",
					"$(inherited)",
				);
				GCC_WARN_64_TO_32_BIT_CONVERSION = YES;
				GCC_WARN_ABOUT_RETURN_TYPE = YES_ERROR;
				GCC_WARN_UNDECLARED_SELECTOR = YES;
				GCC_WARN_UNINITIALIZED_AUTOS = YES_AGGRESSIVE;
				GCC_WARN_UNUSED_FUNCTION = YES;
				GCC_WARN_UNUSED_VARIABLE = YES;
				IPHONEOS_DEPLOYMENT_TARGET = 12.2;
				MTL_ENABLE_DEBUG_INFO = INCLUDE_SOURCE;
				MTL_FAST_MATH = YES;
				ONLY_ACTIVE_ARCH = YES;
				SDKROOT = iphoneos;
			};
			name = Debug;
		};
		4D8DA5362293D65D00225910 /* Release */ = {
			isa = XCBuildConfiguration;
			buildSettings = {
				ALWAYS_SEARCH_USER_PATHS = NO;
				CLANG_ANALYZER_NONNULL = YES;
				CLANG_ANALYZER_NUMBER_OBJECT_CONVERSION = YES_AGGRESSIVE;
				CLANG_CXX_LANGUAGE_STANDARD = "gnu++14";
				CLANG_CXX_LIBRARY = "libc++";
				CLANG_ENABLE_MODULES = YES;
				CLANG_ENABLE_OBJC_ARC = YES;
				CLANG_ENABLE_OBJC_WEAK = YES;
				CLANG_WARN_BLOCK_CAPTURE_AUTORELEASING = YES;
				CLANG_WARN_BOOL_CONVERSION = YES;
				CLANG_WARN_COMMA = YES;
				CLANG_WARN_CONSTANT_CONVERSION = YES;
				CLANG_WARN_DEPRECATED_OBJC_IMPLEMENTATIONS = YES;
				CLANG_WARN_DIRECT_OBJC_ISA_USAGE = YES_ERROR;
				CLANG_WARN_DOCUMENTATION_COMMENTS = YES;
				CLANG_WARN_EMPTY_BODY = YES;
				CLANG_WARN_ENUM_CONVERSION = YES;
				CLANG_WARN_INFINITE_RECURSION = YES;
				CLANG_WARN_INT_CONVERSION = YES;
				CLANG_WARN_NON_LITERAL_NULL_CONVERSION = YES;
				CLANG_WARN_OBJC_IMPLICIT_RETAIN_SELF = YES;
				CLANG_WARN_OBJC_LITERAL_CONVERSION = YES;
				CLANG_WARN_OBJC_ROOT_CLASS = YES_ERROR;
				CLANG_WARN_RANGE_LOOP_ANALYSIS = YES;
				CLANG_WARN_STRICT_PROTOTYPES = YES;
				CLANG_WARN_SUSPICIOUS_MOVE = YES;
				CLANG_WARN_UNGUARDED_AVAILABILITY = YES_AGGRESSIVE;
				CLANG_WARN_UNREACHABLE_CODE = YES;
				CLANG_WARN__DUPLICATE_METHOD_MATCH = YES;
				CODE_SIGN_IDENTITY = "iPhone Developer";
				COPY_PHASE_STRIP = NO;
				DEBUG_INFORMATION_FORMAT = "dwarf-with-dsym";
				ENABLE_NS_ASSERTIONS = NO;
				ENABLE_STRICT_OBJC_MSGSEND = YES;
				GCC_C_LANGUAGE_STANDARD = gnu11;
				GCC_NO_COMMON_BLOCKS = YES;
				GCC_WARN_64_TO_32_BIT_CONVERSION = YES;
				GCC_WARN_ABOUT_RETURN_TYPE = YES_ERROR;
				GCC_WARN_UNDECLARED_SELECTOR = YES;
				GCC_WARN_UNINITIALIZED_AUTOS = YES_AGGRESSIVE;
				GCC_WARN_UNUSED_FUNCTION = YES;
				GCC_WARN_UNUSED_VARIABLE = YES;
				IPHONEOS_DEPLOYMENT_TARGET = 12.2;
				MTL_ENABLE_DEBUG_INFO = NO;
				MTL_FAST_MATH = YES;
				SDKROOT = iphoneos;
				VALIDATE_PRODUCT = YES;
			};
			name = Release;
		};
		4D8DA5382293D65D00225910 /* Debug */ = {
			isa = XCBuildConfiguration;
			buildSettings = {
				ASSETCATALOG_COMPILER_APPICON_NAME = AppIcon;
				CODE_SIGN_STYLE = Automatic;
				DEVELOPMENT_TEAM = L4GN34883L;
				INFOPLIST_FILE = ActUISegCtrl/Info.plist;
				LD_RUNPATH_SEARCH_PATHS = (
					"$(inherited)",
					"@executable_path/Frameworks",
				);
				PRODUCT_BUNDLE_IDENTIFIER = com.first.ActUISegCtrl;
				PRODUCT_NAME = "$(TARGET_NAME)";
				TARGETED_DEVICE_FAMILY = "1,2";
			};
			name = Debug;
		};
		4D8DA5392293D65D00225910 /* Release */ = {
			isa = XCBuildConfiguration;
			buildSettings = {
				ASSETCATALOG_COMPILER_APPICON_NAME = AppIcon;
				CODE_SIGN_STYLE = Automatic;
				DEVELOPMENT_TEAM = L4GN34883L;
				INFOPLIST_FILE = ActUISegCtrl/Info.plist;
				LD_RUNPATH_SEARCH_PATHS = (
					"$(inherited)",
					"@executable_path/Frameworks",
				);
				PRODUCT_BUNDLE_IDENTIFIER = com.first.ActUISegCtrl;
				PRODUCT_NAME = "$(TARGET_NAME)";
				TARGETED_DEVICE_FAMILY = "1,2";
			};
			name = Release;
		};
		4D8DA53B2293D65D00225910 /* Debug */ = {
			isa = XCBuildConfiguration;
			buildSettings = {
				BUNDLE_LOADER = "$(TEST_HOST)";
				CODE_SIGN_STYLE = Automatic;
				INFOPLIST_FILE = ActUISegCtrlTests/Info.plist;
				LD_RUNPATH_SEARCH_PATHS = (
					"$(inherited)",
					"@executable_path/Frameworks",
					"@loader_path/Frameworks",
				);
				PRODUCT_BUNDLE_IDENTIFIER = com.first.ActUISegCtrlTests;
				PRODUCT_NAME = "$(TARGET_NAME)";
				TARGETED_DEVICE_FAMILY = "1,2";
				TEST_HOST = "$(BUILT_PRODUCTS_DIR)/ActUISegCtrl.app/ActUISegCtrl";
			};
			name = Debug;
		};
		4D8DA53C2293D65D00225910 /* Release */ = {
			isa = XCBuildConfiguration;
			buildSettings = {
				BUNDLE_LOADER = "$(TEST_HOST)";
				CODE_SIGN_STYLE = Automatic;
				INFOPLIST_FILE = ActUISegCtrlTests/Info.plist;
				LD_RUNPATH_SEARCH_PATHS = (
					"$(inherited)",
					"@executable_path/Frameworks",
					"@loader_path/Frameworks",
				);
				PRODUCT_BUNDLE_IDENTIFIER = com.first.ActUISegCtrlTests;
				PRODUCT_NAME = "$(TARGET_NAME)";
				TARGETED_DEVICE_FAMILY = "1,2";
				TEST_HOST = "$(BUILT_PRODUCTS_DIR)/ActUISegCtrl.app/ActUISegCtrl";
			};
			name = Release;
		};
		4D8DA53E2293D65D00225910 /* Debug */ = {
			isa = XCBuildConfiguration;
			buildSettings = {
				CODE_SIGN_STYLE = Automatic;
				INFOPLIST_FILE = ActUISegCtrlUITests/Info.plist;
				LD_RUNPATH_SEARCH_PATHS = (
					"$(inherited)",
					"@executable_path/Frameworks",
					"@loader_path/Frameworks",
				);
				PRODUCT_BUNDLE_IDENTIFIER = com.first.ActUISegCtrlUITests;
				PRODUCT_NAME = "$(TARGET_NAME)";
				TARGETED_DEVICE_FAMILY = "1,2";
				TEST_TARGET_NAME = ActUISegCtrl;
			};
			name = Debug;
		};
		4D8DA53F2293D65D00225910 /* Release */ = {
			isa = XCBuildConfiguration;
			buildSettings = {
				CODE_SIGN_STYLE = Automatic;
				INFOPLIST_FILE = ActUISegCtrlUITests/Info.plist;
				LD_RUNPATH_SEARCH_PATHS = (
					"$(inherited)",
					"@executable_path/Frameworks",
					"@loader_path/Frameworks",
				);
				PRODUCT_BUNDLE_IDENTIFIER = com.first.ActUISegCtrlUITests;
				PRODUCT_NAME = "$(TARGET_NAME)";
				TARGETED_DEVICE_FAMILY = "1,2";
				TEST_TARGET_NAME = ActUISegCtrl;
			};
			name = Release;
		};
/* End XCBuildConfiguration section */

/* Begin XCConfigurationList section */
		4D8DA5062293D65C00225910 /* Build configuration list for PBXProject "ActUISegCtrl" */ = {
			isa = XCConfigurationList;
			buildConfigurations = (
				4D8DA5352293D65D00225910 /* Debug */,
				4D8DA5362293D65D00225910 /* Release */,
			);
			defaultConfigurationIsVisible = 0;
			defaultConfigurationName = Release;
		};
		4D8DA5372293D65D00225910 /* Build configuration list for PBXNativeTarget "ActUISegCtrl" */ = {
			isa = XCConfigurationList;
			buildConfigurations = (
				4D8DA5382293D65D00225910 /* Debug */,
				4D8DA5392293D65D00225910 /* Release */,
			);
			defaultConfigurationIsVisible = 0;
			defaultConfigurationName = Release;
		};
		4D8DA53A2293D65D00225910 /* Build configuration list for PBXNativeTarget "ActUISegCtrlTests" */ = {
			isa = XCConfigurationList;
			buildConfigurations = (
				4D8DA53B2293D65D00225910 /* Debug */,
				4D8DA53C2293D65D00225910 /* Release */,
			);
			defaultConfigurationIsVisible = 0;
			defaultConfigurationName = Release;
		};
		4D8DA53D2293D65D00225910 /* Build configuration list for PBXNativeTarget "ActUISegCtrlUITests" */ = {
			isa = XCConfigurationList;
			buildConfigurations = (
				4D8DA53E2293D65D00225910 /* Debug */,
				4D8DA53F2293D65D00225910 /* Release */,
			);
			defaultConfigurationIsVisible = 0;
			defaultConfigurationName = Release;
		};
/* End XCConfigurationList section */
	};
	rootObject = 4D8DA5032293D65C00225910 /* Project object */;
}
