// !$*UTF8*$!
{
	archiveVersion = 1;
	classes = {
	};
	objectVersion = 50;
	objects = {

/* Begin PBXBuildFile section */
		4D8DA54E2293DA5F00225910 /* AppDelegate.m in Sources */ = {isa = PBXBuildFile; fileRef = 4D8DA54D2293DA5F00225910 /* AppDelegate.m */; };
		4D8DA5512293DA5F00225910 /* ViewController.m in Sources */ = {isa = PBXBuildFile; fileRef = 4D8DA5502293DA5F00225910 /* ViewController.m */; };
		4D8DA5542293DA5F00225910 /* Main.storyboard in Resources */ = {isa = PBXBuildFile; fileRef = 4D8DA5522293DA5F00225910 /* Main.storyboard */; };
		4D8DA5562293DA6000225910 /* Assets.xcassets in Resources */ = {isa = PBXBuildFile; fileRef = 4D8DA5552293DA6000225910 /* Assets.xcassets */; };
		4D8DA5592293DA6000225910 /* LaunchScreen.storyboard in Resources */ = {isa = PBXBuildFile; fileRef = 4D8DA5572293DA6000225910 /* LaunchScreen.storyboard */; };
		4D8DA55C2293DA6000225910 /* main.m in Sources */ = {isa = PBXBuildFile; fileRef = 4D8DA55B2293DA6000225910 /* main.m */; };
		4D8DA5662293DA6000225910 /* DigitalClockTests.m in Sources */ = {isa = PBXBuildFile; fileRef = 4D8DA5652293DA6000225910 /* DigitalClockTests.m */; };
		4D8DA5712293DA6000225910 /* DigitalClockUITests.m in Sources */ = {isa = PBXBuildFile; fileRef = 4D8DA5702293DA6000225910 /* DigitalClockUITests.m */; };
		4D8DA57F2293DA7F00225910 /* digital-7.ttf in Resources */ = {isa = PBXBuildFile; fileRef = 4D8DA57E2293DA7F00225910 /* digital-7.ttf */; };
/* End PBXBuildFile section */

/* Begin PBXContainerItemProxy section */
		4D8DA5622293DA6000225910 /* PBXContainerItemProxy */ = {
			isa = PBXContainerItemProxy;
			containerPortal = 4D8DA5412293DA5F00225910 /* Project object */;
			proxyType = 1;
			remoteGlobalIDString = 4D8DA5482293DA5F00225910;
			remoteInfo = DigitalClock;
		};
		4D8DA56D2293DA6000225910 /* PBXContainerItemProxy */ = {
			isa = PBXContainerItemProxy;
			containerPortal = 4D8DA5412293DA5F00225910 /* Project object */;
			proxyType = 1;
			remoteGlobalIDString = 4D8DA5482293DA5F00225910;
			remoteInfo = DigitalClock;
		};
/* End PBXContainerItemProxy section */

/* Begin PBXFileReference section */
		4D8DA5492293DA5F00225910 /* DigitalClock.app */ = {isa = PBXFileReference; explicitFileType = wrapper.application; includeInIndex = 0; path = DigitalClock.app; sourceTree = BUILT_PRODUCTS_DIR; };
		4D8DA54C2293DA5F00225910 /* AppDelegate.h */ = {isa = PBXFileReference; lastKnownFileType = sourcecode.c.h; path = AppDelegate.h; sourceTree = "<group>"; };
		4D8DA54D2293DA5F00225910 /* AppDelegate.m */ = {isa = PBXFileReference; lastKnownFileType = sourcecode.c.objc; path = AppDelegate.m; sourceTree = "<group>"; };
		4D8DA54F2293DA5F00225910 /* ViewController.h */ = {isa = PBXFileReference; lastKnownFileType = sourcecode.c.h; path = ViewController.h; sourceTree = "<group>"; };
		4D8DA5502293DA5F00225910 /* ViewController.m */ = {isa = PBXFileReference; lastKnownFileType = sourcecode.c.objc; path = ViewController.m; sourceTree = "<group>"; };
		4D8DA5532293DA5F00225910 /* Base */ = {isa = PBXFileReference; lastKnownFileType = file.storyboard; name = Base; path = Base.lproj/Main.storyboard; sourceTree = "<group>"; };
		4D8DA5552293DA6000225910 /* Assets.xcassets */ = {isa = PBXFileReference; lastKnownFileType = folder.assetcatalog; path = Assets.xcassets; sourceTree = "<group>"; };
		4D8DA5582293DA6000225910 /* Base */ = {isa = PBXFileReference; lastKnownFileType = file.storyboard; name = Base; path = Base.lproj/LaunchScreen.storyboard; sourceTree = "<group>"; };
		4D8DA55A2293DA6000225910 /* Info.plist */ = {isa = PBXFileReference; lastKnownFileType = text.plist.xml; path = Info.plist; sourceTree = "<group>"; };
		4D8DA55B2293DA6000225910 /* main.m */ = {isa = PBXFileReference; lastKnownFileType = sourcecode.c.objc; path = main.m; sourceTree = "<group>"; };
		4D8DA5612293DA6000225910 /* DigitalClockTests.xctest */ = {isa = PBXFileReference; explicitFileType = wrapper.cfbundle; includeInIndex = 0; path = DigitalClockTests.xctest; sourceTree = BUILT_PRODUCTS_DIR; };
		4D8DA5652293DA6000225910 /* DigitalClockTests.m */ = {isa = PBXFileReference; lastKnownFileType = sourcecode.c.objc; path = DigitalClockTests.m; sourceTree = "<group>"; };
		4D8DA5672293DA6000225910 /* Info.plist */ = {isa = PBXFileReference; lastKnownFileType = text.plist.xml; path = Info.plist; sourceTree = "<group>"; };
		4D8DA56C2293DA6000225910 /* DigitalClockUITests.xctest */ = {isa = PBXFileReference; explicitFileType = wrapper.cfbundle; includeInIndex = 0; path = DigitalClockUITests.xctest; sourceTree = BUILT_PRODUCTS_DIR; };
		4D8DA5702293DA6000225910 /* DigitalClockUITests.m */ = {isa = PBXFileReference; lastKnownFileType = sourcecode.c.objc; path = DigitalClockUITests.m; sourceTree = "<group>"; };
		4D8DA5722293DA6000225910 /* Info.plist */ = {isa = PBXFileReference; lastKnownFileType = text.plist.xml; path = Info.plist; sourceTree = "<group>"; };
		4D8DA57E2293DA7F00225910 /* digital-7.ttf */ = {isa = PBXFileReference; lastKnownFileType = file; path = "digital-7.ttf"; sourceTree = "<group>"; };
/* End PBXFileReference section */

/* Begin PBXFrameworksBuildPhase section */
		4D8DA5462293DA5F00225910 /* Frameworks */ = {
			isa = PBXFrameworksBuildPhase;
			buildActionMask = 2147483647;
			files = (
			);
			runOnlyForDeploymentPostprocessing = 0;
		};
		4D8DA55E2293DA6000225910 /* Frameworks */ = {
			isa = PBXFrameworksBuildPhase;
			buildActionMask = 2147483647;
			files = (
			);
			runOnlyForDeploymentPostprocessing = 0;
		};
		4D8DA5692293DA6000225910 /* Frameworks */ = {
			isa = PBXFrameworksBuildPhase;
			buildActionMask = 2147483647;
			files = (
			);
			runOnlyForDeploymentPostprocessing = 0;
		};
/* End PBXFrameworksBuildPhase section */

/* Begin PBXGroup section */
		4D8DA5402293DA5F00225910 = {
			isa = PBXGroup;
			children = (
				4D8DA54B2293DA5F00225910 /* DigitalClock */,
				4D8DA5642293DA6000225910 /* DigitalClockTests */,
				4D8DA56F2293DA6000225910 /* DigitalClockUITests */,
				4D8DA54A2293DA5F00225910 /* Products */,
			);
			sourceTree = "<group>";
		};
		4D8DA54A2293DA5F00225910 /* Products */ = {
			isa = PBXGroup;
			children = (
				4D8DA5492293DA5F00225910 /* DigitalClock.app */,
				4D8DA5612293DA6000225910 /* DigitalClockTests.xctest */,
				4D8DA56C2293DA6000225910 /* DigitalClockUITests.xctest */,
			);
			name = Products;
			sourceTree = "<group>";
		};
		4D8DA54B2293DA5F00225910 /* DigitalClock */ = {
			isa = PBXGroup;
			children = (
				4D8DA57E2293DA7F00225910 /* digital-7.ttf */,
				4D8DA54C2293DA5F00225910 /* AppDelegate.h */,
				4D8DA54D2293DA5F00225910 /* AppDelegate.m */,
				4D8DA54F2293DA5F00225910 /* ViewController.h */,
				4D8DA5502293DA5F00225910 /* ViewController.m */,
				4D8DA5522293DA5F00225910 /* Main.storyboard */,
				4D8DA5552293DA6000225910 /* Assets.xcassets */,
				4D8DA5572293DA6000225910 /* LaunchScreen.storyboard */,
				4D8DA55A2293DA6000225910 /* Info.plist */,
				4D8DA55B2293DA6000225910 /* main.m */,
			);
			path = DigitalClock;
			sourceTree = "<group>";
		};
		4D8DA5642293DA6000225910 /* DigitalClockTests */ = {
			isa = PBXGroup;
			children = (
				4D8DA5652293DA6000225910 /* DigitalClockTests.m */,
				4D8DA5672293DA6000225910 /* Info.plist */,
			);
			path = DigitalClockTests;
			sourceTree = "<group>";
		};
		4D8DA56F2293DA6000225910 /* DigitalClockUITests */ = {
			isa = PBXGroup;
			children = (
				4D8DA5702293DA6000225910 /* DigitalClockUITests.m */,
				4D8DA5722293DA6000225910 /* Info.plist */,
			);
			path = DigitalClockUITests;
			sourceTree = "<group>";
		};
/* End PBXGroup section */

/* Begin PBXNativeTarget section */
		4D8DA5482293DA5F00225910 /* DigitalClock */ = {
			isa = PBXNativeTarget;
			buildConfigurationList = 4D8DA5752293DA6000225910 /* Build configuration list for PBXNativeTarget "DigitalClock" */;
			buildPhases = (
				4D8DA5452293DA5F00225910 /* Sources */,
				4D8DA5462293DA5F00225910 /* Frameworks */,
				4D8DA5472293DA5F00225910 /* Resources */,
			);
			buildRules = (
			);
			dependencies = (
			);
			name = DigitalClock;
			productName = DigitalClock;
			productReference = 4D8DA5492293DA5F00225910 /* DigitalClock.app */;
			productType = "com.apple.product-type.application";
		};
		4D8DA5602293DA6000225910 /* DigitalClockTests */ = {
			isa = PBXNativeTarget;
			buildConfigurationList = 4D8DA5782293DA6000225910 /* Build configuration list for PBXNativeTarget "DigitalClockTests" */;
			buildPhases = (
				4D8DA55D2293DA6000225910 /* Sources */,
				4D8DA55E2293DA6000225910 /* Frameworks */,
				4D8DA55F2293DA6000225910 /* Resources */,
			);
			buildRules = (
			);
			dependencies = (
				4D8DA5632293DA6000225910 /* PBXTargetDependency */,
			);
			name = DigitalClockTests;
			productName = DigitalClockTests;
			productReference = 4D8DA5612293DA6000225910 /* DigitalClockTests.xctest */;
			productType = "com.apple.product-type.bundle.unit-test";
		};
		4D8DA56B2293DA6000225910 /* DigitalClockUITests */ = {
			isa = PBXNativeTarget;
			buildConfigurationList = 4D8DA57B2293DA6000225910 /* Build configuration list for PBXNativeTarget "DigitalClockUITests" */;
			buildPhases = (
				4D8DA5682293DA6000225910 /* Sources */,
				4D8DA5692293DA6000225910 /* Frameworks */,
				4D8DA56A2293DA6000225910 /* Resources */,
			);
			buildRules = (
			);
			dependencies = (
				4D8DA56E2293DA6000225910 /* PBXTargetDependency */,
			);
			name = DigitalClockUITests;
			productName = DigitalClockUITests;
			productReference = 4D8DA56C2293DA6000225910 /* DigitalClockUITests.xctest */;
			productType = "com.apple.product-type.bundle.ui-testing";
		};
/* End PBXNativeTarget section */

/* Begin PBXProject section */
		4D8DA5412293DA5F00225910 /* Project object */ = {
			isa = PBXProject;
			attributes = {
				LastUpgradeCheck = 1020;
				ORGANIZATIONNAME = zhangxuyang;
				TargetAttributes = {
					4D8DA5482293DA5F00225910 = {
						CreatedOnToolsVersion = 10.2.1;
					};
					4D8DA5602293DA6000225910 = {
						CreatedOnToolsVersion = 10.2.1;
						TestTargetID = 4D8DA5482293DA5F00225910;
					};
					4D8DA56B2293DA6000225910 = {
						CreatedOnToolsVersion = 10.2.1;
						TestTargetID = 4D8DA5482293DA5F00225910;
					};
				};
			};
			buildConfigurationList = 4D8DA5442293DA5F00225910 /* Build configuration list for PBXProject "DigitalClock" */;
			compatibilityVersion = "Xcode 9.3";
			developmentRegion = en;
			hasScannedForEncodings = 0;
			knownRegions = (
				en,
				Base,
			);
			mainGroup = 4D8DA5402293DA5F00225910;
			productRefGroup = 4D8DA54A2293DA5F00225910 /* Products */;
			projectDirPath = "";
			projectRoot = "";
			targets = (
				4D8DA5482293DA5F00225910 /* DigitalClock */,
				4D8DA5602293DA6000225910 /* DigitalClockTests */,
				4D8DA56B2293DA6000225910 /* DigitalClockUITests */,
			);
		};
/* End PBXProject section */

/* Begin PBXResourcesBuildPhase section */
		4D8DA5472293DA5F00225910 /* Resources */ = {
			isa = PBXResourcesBuildPhase;
			buildActionMask = 2147483647;
			files = (
				4D8DA5592293DA6000225910 /* LaunchScreen.storyboard in Resources */,
				4D8DA5562293DA6000225910 /* Assets.xcassets in Resources */,
				4D8DA5542293DA5F00225910 /* Main.storyboard in Resources */,
				4D8DA57F2293DA7F00225910 /* digital-7.ttf in Resources */,
			);
			runOnlyForDeploymentPostprocessing = 0;
		};
		4D8DA55F2293DA6000225910 /* Resources */ = {
			isa = PBXResourcesBuildPhase;
			buildActionMask = 2147483647;
			files = (
			);
			runOnlyForDeploymentPostprocessing = 0;
		};
		4D8DA56A2293DA6000225910 /* Resources */ = {
			isa = PBXResourcesBuildPhase;
			buildActionMask = 2147483647;
			files = (
			);
			runOnlyForDeploymentPostprocessing = 0;
		};
/* End PBXResourcesBuildPhase section */

/* Begin PBXSourcesBuildPhase section */
		4D8DA5452293DA5F00225910 /* Sources */ = {
			isa = PBXSourcesBuildPhase;
			buildActionMask = 2147483647;
			files = (
				4D8DA5512293DA5F00225910 /* ViewController.m in Sources */,
				4D8DA55C2293DA6000225910 /* main.m in Sources */,
				4D8DA54E2293DA5F00225910 /* AppDelegate.m in Sources */,
			);
			runOnlyForDeploymentPostprocessing = 0;
		};
		4D8DA55D2293DA6000225910 /* Sources */ = {
			isa = PBXSourcesBuildPhase;
			buildActionMask = 2147483647;
			files = (
				4D8DA5662293DA6000225910 /* DigitalClockTests.m in Sources */,
			);
			runOnlyForDeploymentPostprocessing = 0;
		};
		4D8DA5682293DA6000225910 /* Sources */ = {
			isa = PBXSourcesBuildPhase;
			buildActionMask = 2147483647;
			files = (
				4D8DA5712293DA6000225910 /* DigitalClockUITests.m in Sources */,
			);
			runOnlyForDeploymentPostprocessing = 0;
		};
/* End PBXSourcesBuildPhase section */

/* Begin PBXTargetDependency section */
		4D8DA5632293DA6000225910 /* PBXTargetDependency */ = {
			isa = PBXTargetDependency;
			target = 4D8DA5482293DA5F00225910 /* DigitalClock */;
			targetProxy = 4D8DA5622293DA6000225910 /* PBXContainerItemProxy */;
		};
		4D8DA56E2293DA6000225910 /* PBXTargetDependency */ = {
			isa = PBXTargetDependency;
			target = 4D8DA5482293DA5F00225910 /* DigitalClock */;
			targetProxy = 4D8DA56D2293DA6000225910 /* PBXContainerItemProxy */;
		};
/* End PBXTargetDependency section */

/* Begin PBXVariantGroup section */
		4D8DA5522293DA5F00225910 /* Main.storyboard */ = {
			isa = PBXVariantGroup;
			children = (
				4D8DA5532293DA5F00225910 /* Base */,
			);
			name = Main.storyboard;
			sourceTree = "<group>";
		};
		4D8DA5572293DA6000225910 /* LaunchScreen.storyboard */ = {
			isa = PBXVariantGroup;
			children = (
				4D8DA5582293DA6000225910 /* Base */,
			);
			name = LaunchScreen.storyboard;
			sourceTree = "<group>";
		};
/* End PBXVariantGroup section */

/* Begin XCBuildConfiguration section */
		4D8DA5732293DA6000225910 /* Debug */ = {
			isa = XCBuildConfiguration;
			buildSettings = {
				ALWAYS_SEARCH_USER_PATHS = NO;
				CLANG_ANALYZER_NONNULL = YES;
				CLANG_ANALYZER_NUMBER_OBJECT_CONVERSION = YES_AGGRESSIVE;
				CLANG_CXX_LANGUAGE_STANDARD = "gnu++14";
				CLANG_CXX_LIBRARY = "libc++";
				CLANG_ENABLE_MODULES = YES;
				CLANG_ENABLE_OBJC_ARC = YES;
				CLANG_ENABLE_OBJC_WEAK = YES;
				CLANG_WARN_BLOCK_CAPTURE_AUTORELEASING = YES;
				CLANG_WARN_BOOL_CONVERSION = YES;
				CLANG_WARN_COMMA = YES;
				CLANG_WARN_CONSTANT_CONVERSION = YES;
				CLANG_WARN_DEPRECATED_OBJC_IMPLEMENTATIONS = YES;
				CLANG_WARN_DIRECT_OBJC_ISA_USAGE = YES_ERROR;
				CLANG_WARN_DOCUMENTATION_COMMENTS = YES;
				CLANG_WARN_EMPTY_BODY = YES;
				CLANG_WARN_ENUM_CONVERSION = YES;
				CLANG_WARN_INFINITE_RECURSION = YES;
				CLANG_WARN_INT_CONVERSION = YES;
				CLANG_WARN_NON_LITERAL_NULL_CONVERSION = YES;
				CLANG_WARN_OBJC_IMPLICIT_RETAIN_SELF = YES;
				CLANG_WARN_OBJC_LITERAL_CONVERSION = YES;
				CLANG_WARN_OBJC_ROOT_CLASS = YES_ERROR;
				CLANG_WARN_RANGE_LOOP_ANALYSIS = YES;
				CLANG_WARN_STRICT_PROTOTYPES = YES;
				CLANG_WARN_SUSPICIOUS_MOVE = YES;
				CLANG_WARN_UNGUARDED_AVAILABILITY = YES_AGGRESSIVE;
				CLANG_WARN_UNREACHABLE_CODE = YES;
				CLANG_WARN__DUPLICATE_METHOD_MATCH = YES;
				CODE_SIGN_IDENTITY = "iPhone Developer";
				COPY_PHASE_STRIP = NO;
				DEBUG_INFORMATION_FORMAT = dwarf;
				ENABLE_STRICT_OBJC_MSGSEND = YES;
				ENABLE_TESTABILITY = YES;
				GCC_C_LANGUAGE_STANDARD = gnu11;
				GCC_DYNAMIC_NO_PIC = NO;
				GCC_NO_COMMON_BLOCKS = YES;
				GCC_OPTIMIZATION_LEVEL = 0;
				GCC_PREPROCESSOR_DEFINITIONS = (
					"DEBUG=1",
					"$(inherited)",
				);
				GCC_WARN_64_TO_32_BIT_CONVERSION = YES;
				GCC_WARN_ABOUT_RETURN_TYPE = YES_ERROR;
				GCC_WARN_UNDECLARED_SELECTOR = YES;
				GCC_WARN_UNINITIALIZED_AUTOS = YES_AGGRESSIVE;
				GCC_WARN_UNUSED_FUNCTION = YES;
				GCC_WARN_UNUSED_VARIABLE = YES;
				IPHONEOS_DEPLOYMENT_TARGET = 12.2;
				MTL_ENABLE_DEBUG_INFO = INCLUDE_SOURCE;
				MTL_FAST_MATH = YES;
				ONLY_ACTIVE_ARCH = YES;
				SDKROOT = iphoneos;
			};
			name = Debug;
		};
		4D8DA5742293DA6000225910 /* Release */ = {
			isa = XCBuildConfiguration;
			buildSettings = {
				ALWAYS_SEARCH_USER_PATHS = NO;
				CLANG_ANALYZER_NONNULL = YES;
				CLANG_ANALYZER_NUMBER_OBJECT_CONVERSION = YES_AGGRESSIVE;
				CLANG_CXX_LANGUAGE_STANDARD = "gnu++14";
				CLANG_CXX_LIBRARY = "libc++";
				CLANG_ENABLE_MODULES = YES;
				CLANG_ENABLE_OBJC_ARC = YES;
				CLANG_ENABLE_OBJC_WEAK = YES;
				CLANG_WARN_BLOCK_CAPTURE_AUTORELEASING = YES;
				CLANG_WARN_BOOL_CONVERSION = YES;
				CLANG_WARN_COMMA = YES;
				CLANG_WARN_CONSTANT_CONVERSION = YES;
				CLANG_WARN_DEPRECATED_OBJC_IMPLEMENTATIONS = YES;
				CLANG_WARN_DIRECT_OBJC_ISA_USAGE = YES_ERROR;
				CLANG_WARN_DOCUMENTATION_COMMENTS = YES;
				CLANG_WARN_EMPTY_BODY = YES;
				CLANG_WARN_ENUM_CONVERSION = YES;
				CLANG_WARN_INFINITE_RECURSION = YES;
				CLANG_WARN_INT_CONVERSION = YES;
				CLANG_WARN_NON_LITERAL_NULL_CONVERSION = YES;
				CLANG_WARN_OBJC_IMPLICIT_RETAIN_SELF = YES;
				CLANG_WARN_OBJC_LITERAL_CONVERSION = YES;
				CLANG_WARN_OBJC_ROOT_CLASS = YES_ERROR;
				CLANG_WARN_RANGE_LOOP_ANALYSIS = YES;
				CLANG_WARN_STRICT_PROTOTYPES = YES;
				CLANG_WARN_SUSPICIOUS_MOVE = YES;
				CLANG_WARN_UNGUARDED_AVAILABILITY = YES_AGGRESSIVE;
				CLANG_WARN_UNREACHABLE_CODE = YES;
				CLANG_WARN__DUPLICATE_METHOD_MATCH = YES;
				CODE_SIGN_IDENTITY = "iPhone Developer";
				COPY_PHASE_STRIP = NO;
				DEBUG_INFORMATION_FORMAT = "dwarf-with-dsym";
				ENABLE_NS_ASSERTIONS = NO;
				ENABLE_STRICT_OBJC_MSGSEND = YES;
				GCC_C_LANGUAGE_STANDARD = gnu11;
				GCC_NO_COMMON_BLOCKS = YES;
				GCC_WARN_64_TO_32_BIT_CONVERSION = YES;
				GCC_WARN_ABOUT_RETURN_TYPE = YES_ERROR;
				GCC_WARN_UNDECLARED_SELECTOR = YES;
				GCC_WARN_UNINITIALIZED_AUTOS = YES_AGGRESSIVE;
				GCC_WARN_UNUSED_FUNCTION = YES;
				GCC_WARN_UNUSED_VARIABLE = YES;
				IPHONEOS_DEPLOYMENT_TARGET = 12.2;
				MTL_ENABLE_DEBUG_INFO = NO;
				MTL_FAST_MATH = YES;
				SDKROOT = iphoneos;
				VALIDATE_PRODUCT = YES;
			};
			name = Release;
		};
		4D8DA5762293DA6000225910 /* Debug */ = {
			isa = XCBuildConfiguration;
			buildSettings = {
				ASSETCATALOG_COMPILER_APPICON_NAME = AppIcon;
				CODE_SIGN_STYLE = Automatic;
				DEVELOPMENT_TEAM = L4GN34883L;
				INFOPLIST_FILE = DigitalClock/Info.plist;
				LD_RUNPATH_SEARCH_PATHS = (
					"$(inherited)",
					"@executable_path/Frameworks",
				);
				PRODUCT_BUNDLE_IDENTIFIER = com.first.DigitalClock;
				PRODUCT_NAME = "$(TARGET_NAME)";
				TARGETED_DEVICE_FAMILY = "1,2";
			};
			name = Debug;
		};
		4D8DA5772293DA6000225910 /* Release */ = {
			isa = XCBuildConfiguration;
			buildSettings = {
				ASSETCATALOG_COMPILER_APPICON_NAME = AppIcon;
				CODE_SIGN_STYLE = Automatic;
				DEVELOPMENT_TEAM = L4GN34883L;
				INFOPLIST_FILE = DigitalClock/Info.plist;
				LD_RUNPATH_SEARCH_PATHS = (
					"$(inherited)",
					"@executable_path/Frameworks",
				);
				PRODUCT_BUNDLE_IDENTIFIER = com.first.DigitalClock;
				PRODUCT_NAME = "$(TARGET_NAME)";
				TARGETED_DEVICE_FAMILY = "1,2";
			};
			name = Release;
		};
		4D8DA5792293DA6000225910 /* Debug */ = {
			isa = XCBuildConfiguration;
			buildSettings = {
				BUNDLE_LOADER = "$(TEST_HOST)";
				CODE_SIGN_STYLE = Automatic;
				INFOPLIST_FILE = DigitalClockTests/Info.plist;
				LD_RUNPATH_SEARCH_PATHS = (
					"$(inherited)",
					"@executable_path/Frameworks",
					"@loader_path/Frameworks",
				);
				PRODUCT_BUNDLE_IDENTIFIER = com.first.DigitalClockTests;
				PRODUCT_NAME = "$(TARGET_NAME)";
				TARGETED_DEVICE_FAMILY = "1,2";
				TEST_HOST = "$(BUILT_PRODUCTS_DIR)/DigitalClock.app/DigitalClock";
			};
			name = Debug;
		};
		4D8DA57A2293DA6000225910 /* Release */ = {
			isa = XCBuildConfiguration;
			buildSettings = {
				BUNDLE_LOADER = "$(TEST_HOST)";
				CODE_SIGN_STYLE = Automatic;
				INFOPLIST_FILE = DigitalClockTests/Info.plist;
				LD_RUNPATH_SEARCH_PATHS = (
					"$(inherited)",
					"@executable_path/Frameworks",
					"@loader_path/Frameworks",
				);
				PRODUCT_BUNDLE_IDENTIFIER = com.first.DigitalClockTests;
				PRODUCT_NAME = "$(TARGET_NAME)";
				TARGETED_DEVICE_FAMILY = "1,2";
				TEST_HOST = "$(BUILT_PRODUCTS_DIR)/DigitalClock.app/DigitalClock";
			};
			name = Release;
		};
		4D8DA57C2293DA6000225910 /* Debug */ = {
			isa = XCBuildConfiguration;
			buildSettings = {
				CODE_SIGN_STYLE = Automatic;
				INFOPLIST_FILE = DigitalClockUITests/Info.plist;
				LD_RUNPATH_SEARCH_PATHS = (
					"$(inherited)",
					"@executable_path/Frameworks",
					"@loader_path/Frameworks",
				);
				PRODUCT_BUNDLE_IDENTIFIER = com.first.DigitalClockUITests;
				PRODUCT_NAME = "$(TARGET_NAME)";
				TARGETED_DEVICE_FAMILY = "1,2";
				TEST_TARGET_NAME = DigitalClock;
			};
			name = Debug;
		};
		4D8DA57D2293DA6000225910 /* Release */ = {
			isa = XCBuildConfiguration;
			buildSettings = {
				CODE_SIGN_STYLE = Automatic;
				INFOPLIST_FILE = DigitalClockUITests/Info.plist;
				LD_RUNPATH_SEARCH_PATHS = (
					"$(inherited)",
					"@executable_path/Frameworks",
					"@loader_path/Frameworks",
				);
				PRODUCT_BUNDLE_IDENTIFIER = com.first.DigitalClockUITests;
				PRODUCT_NAME = "$(TARGET_NAME)";
				TARGETED_DEVICE_FAMILY = "1,2";
				TEST_TARGET_NAME = DigitalClock;
			};
			name = Release;
		};
/* End XCBuildConfiguration section */

/* Begin XCConfigurationList section */
		4D8DA5442293DA5F00225910 /* Build configuration list for PBXProject "DigitalClock" */ = {
			isa = XCConfigurationList;
			buildConfigurations = (
				4D8DA5732293DA6000225910 /* Debug */,
				4D8DA5742293DA6000225910 /* Release */,
			);
			defaultConfigurationIsVisible = 0;
			defaultConfigurationName = Release;
		};
		4D8DA5752293DA6000225910 /* Build configuration list for PBXNativeTarget "DigitalClock" */ = {
			isa = XCConfigurationList;
			buildConfigurations = (
				4D8DA5762293DA6000225910 /* Debug */,
				4D8DA5772293DA6000225910 /* Release */,
			);
			defaultConfigurationIsVisible = 0;
			defaultConfigurationName = Release;
		};
		4D8DA5782293DA6000225910 /* Build configuration list for PBXNativeTarget "DigitalClockTests" */ = {
			isa = XCConfigurationList;
			buildConfigurations = (
				4D8DA5792293DA6000225910 /* Debug */,
				4D8DA57A2293DA6000225910 /* Release */,
			);
			defaultConfigurationIsVisible = 0;
			defaultConfigurationName = Release;
		};
		4D8DA57B2293DA6000225910 /* Build configuration list for PBXNativeTarget "DigitalClockUITests" */ = {
			isa = XCConfigurationList;
			buildConfigurations = (
				4D8DA57C2293DA6000225910 /* Debug */,
				4D8DA57D2293DA6000225910 /* Release */,
			);
			defaultConfigurationIsVisible = 0;
			defaultConfigurationName = Release;
		};
/* End XCConfigurationList section */
	};
	rootObject = 4D8DA5412293DA5F00225910 /* Project object */;
}
